
Microsoft Visual Studio Solution File, Format Version 12.00
# Visual Studio 15
VisualStudioVersion = 15.0.26430.12
MinimumVisualStudioVersion = 10.0.40219.1
Project("{FAE04EC0-301F-11D3-BF4B-00C04F79EFBC}") = "ReminderList.Android", "ReminderList\ReminderList.Android\ReminderList.Android.csproj", "{FEDC4006-472C-4ACA-9616-FCD29106DE56}"
EndProject
Project("{FAE04EC0-301F-11D3-BF4B-00C04F79EFBC}") = "ReminderList", "ReminderList\ReminderList\ReminderList.csproj", "{3DCFB369-97C5-4B6C-808A-5037465BF698}"
EndProject
Project("{FAE04EC0-301F-11D3-BF4B-00C04F79EFBC}") = "ReminderList.UWP", "ReminderList\ReminderList.UWP\ReminderList.UWP.csproj", "{7145DDBA-1A5E-4624-931B-DCD7D0495A8C}"
EndProject
Project("{FAE04EC0-301F-11D3-BF4B-00C04F79EFBC}") = "ReminderList.iOS", "ReminderList\ReminderList.iOS\ReminderList.iOS.csproj", "{9F9898FA-5A7D-4EEB-8DF1-07FA8A2E5E47}"
EndProject
Global
	GlobalSection(SolutionConfigurationPlatforms) = preSolution
		Ad-Hoc|Any CPU = Ad-Hoc|Any CPU
		Ad-Hoc|ARM = Ad-Hoc|ARM
		Ad-Hoc|iPhone = Ad-Hoc|iPhone
		Ad-Hoc|iPhoneSimulator = Ad-Hoc|iPhoneSimulator
		Ad-Hoc|x64 = Ad-Hoc|x64
		Ad-Hoc|x86 = Ad-Hoc|x86
		AppStore|Any CPU = AppStore|Any CPU
		AppStore|ARM = AppStore|ARM
		AppStore|iPhone = AppStore|iPhone
		AppStore|iPhoneSimulator = AppStore|iPhoneSimulator
		AppStore|x64 = AppStore|x64
		AppStore|x86 = AppStore|x86
		Debug|Any CPU = Debug|Any CPU
		Debug|ARM = Debug|ARM
		Debug|iPhone = Debug|iPhone
		Debug|iPhoneSimulator = Debug|iPhoneSimulator
		Debug|x64 = Debug|x64
		Debug|x86 = Debug|x86
		Release|Any CPU = Release|Any CPU
		Release|ARM = Release|ARM
		Release|iPhone = Release|iPhone
		Release|iPhoneSimulator = Release|iPhoneSimulator
		Release|x64 = Release|x64
		Release|x86 = Release|x86
	EndGlobalSection
	GlobalSection(ProjectConfigurationPlatforms) = postSolution
		{FEDC4006-472C-4ACA-9616-FCD29106DE56}.Ad-Hoc|Any CPU.ActiveCfg = Release|Any CPU
		{FEDC4006-472C-4ACA-9616-FCD29106DE56}.Ad-Hoc|Any CPU.Build.0 = Release|Any CPU
		{FEDC4006-472C-4ACA-9616-FCD29106DE56}.Ad-Hoc|Any CPU.Deploy.0 = Release|Any CPU
		{FEDC4006-472C-4ACA-9616-FCD29106DE56}.Ad-Hoc|ARM.ActiveCfg = Release|Any CPU
		{FEDC4006-472C-4ACA-9616-FCD29106DE56}.Ad-Hoc|ARM.Build.0 = Release|Any CPU
		{FEDC4006-472C-4ACA-9616-FCD29106DE56}.Ad-Hoc|ARM.Deploy.0 = Release|Any CPU
		{FEDC4006-472C-4ACA-9616-FCD29106DE56}.Ad-Hoc|iPhone.ActiveCfg = Release|Any CPU
		{FEDC4006-472C-4ACA-9616-FCD29106DE56}.Ad-Hoc|iPhone.Build.0 = Release|Any CPU
		{FEDC4006-472C-4ACA-9616-FCD29106DE56}.Ad-Hoc|iPhone.Deploy.0 = Release|Any CPU
		{FEDC4006-472C-4ACA-9616-FCD29106DE56}.Ad-Hoc|iPhoneSimulator.ActiveCfg = Release|Any CPU
		{FEDC4006-472C-4ACA-9616-FCD29106DE56}.Ad-Hoc|iPhoneSimulator.Build.0 = Release|Any CPU
		{FEDC4006-472C-4ACA-9616-FCD29106DE56}.Ad-Hoc|iPhoneSimulator.Deploy.0 = Release|Any CPU
		{FEDC4006-472C-4ACA-9616-FCD29106DE56}.Ad-Hoc|x64.ActiveCfg = Release|Any CPU
		{FEDC4006-472C-4ACA-9616-FCD29106DE56}.Ad-Hoc|x64.Build.0 = Release|Any CPU
		{FEDC4006-472C-4ACA-9616-FCD29106DE56}.Ad-Hoc|x64.Deploy.0 = Release|Any CPU
		{FEDC4006-472C-4ACA-9616-FCD29106DE56}.Ad-Hoc|x86.ActiveCfg = Release|Any CPU
		{FEDC4006-472C-4ACA-9616-FCD29106DE56}.Ad-Hoc|x86.Build.0 = Release|Any CPU
		{FEDC4006-472C-4ACA-9616-FCD29106DE56}.Ad-Hoc|x86.Deploy.0 = Release|Any CPU
		{FEDC4006-472C-4ACA-9616-FCD29106DE56}.AppStore|Any CPU.ActiveCfg = Release|Any CPU
		{FEDC4006-472C-4ACA-9616-FCD29106DE56}.AppStore|Any CPU.Build.0 = Release|Any CPU
		{FEDC4006-472C-4ACA-9616-FCD29106DE56}.AppStore|Any CPU.Deploy.0 = Release|Any CPU
		{FEDC4006-472C-4ACA-9616-FCD29106DE56}.AppStore|ARM.ActiveCfg = Release|Any CPU
		{FEDC4006-472C-4ACA-9616-FCD29106DE56}.AppStore|ARM.Build.0 = Release|Any CPU
		{FEDC4006-472C-4ACA-9616-FCD29106DE56}.AppStore|ARM.Deploy.0 = Release|Any CPU
		{FEDC4006-472C-4ACA-9616-FCD29106DE56}.AppStore|iPhone.ActiveCfg = Release|Any CPU
		{FEDC4006-472C-4ACA-9616-FCD29106DE56}.AppStore|iPhone.Build.0 = Release|Any CPU
		{FEDC4006-472C-4ACA-9616-FCD29106DE56}.AppStore|iPhone.Deploy.0 = Release|Any CPU
		{FEDC4006-472C-4ACA-9616-FCD29106DE56}.AppStore|iPhoneSimulator.ActiveCfg = Release|Any CPU
		{FEDC4006-472C-4ACA-9616-FCD29106DE56}.AppStore|iPhoneSimulator.Build.0 = Release|Any CPU
		{FEDC4006-472C-4ACA-9616-FCD29106DE56}.AppStore|iPhoneSimulator.Deploy.0 = Release|Any CPU
		{FEDC4006-472C-4ACA-9616-FCD29106DE56}.AppStore|x64.ActiveCfg = Release|Any CPU
		{FEDC4006-472C-4ACA-9616-FCD29106DE56}.AppStore|x64.Build.0 = Release|Any CPU
		{FEDC4006-472C-4ACA-9616-FCD29106DE56}.AppStore|x64.Deploy.0 = Release|Any CPU
		{FEDC4006-472C-4ACA-9616-FCD29106DE56}.AppStore|x86.ActiveCfg = Release|Any CPU
		{FEDC4006-472C-4ACA-9616-FCD29106DE56}.AppStore|x86.Build.0 = Release|Any CPU
		{FEDC4006-472C-4ACA-9616-FCD29106DE56}.AppStore|x86.Deploy.0 = Release|Any CPU
		{FEDC4006-472C-4ACA-9616-FCD29106DE56}.Debug|Any CPU.ActiveCfg = Debug|Any CPU
		{FEDC4006-472C-4ACA-9616-FCD29106DE56}.Debug|Any CPU.Build.0 = Debug|Any CPU
		{FEDC4006-472C-4ACA-9616-FCD29106DE56}.Debug|Any CPU.Deploy.0 = Debug|Any CPU
		{FEDC4006-472C-4ACA-9616-FCD29106DE56}.Debug|ARM.ActiveCfg = Debug|Any CPU
		{FEDC4006-472C-4ACA-9616-FCD29106DE56}.Debug|ARM.Build.0 = Debug|Any CPU
		{FEDC4006-472C-4ACA-9616-FCD29106DE56}.Debug|ARM.Deploy.0 = Debug|Any CPU
		{FEDC4006-472C-4ACA-9616-FCD29106DE56}.Debug|iPhone.ActiveCfg = Debug|Any CPU
		{FEDC4006-472C-4ACA-9616-FCD29106DE56}.Debug|iPhone.Build.0 = Debug|Any CPU
		{FEDC4006-472C-4ACA-9616-FCD29106DE56}.Debug|iPhone.Deploy.0 = Debug|Any CPU
		{FEDC4006-472C-4ACA-9616-FCD29106DE56}.Debug|iPhoneSimulator.ActiveCfg = Debug|Any CPU
		{FEDC4006-472C-4ACA-9616-FCD29106DE56}.Debug|iPhoneSimulator.Build.0 = Debug|Any CPU
		{FEDC4006-472C-4ACA-9616-FCD29106DE56}.Debug|iPhoneSimulator.Deploy.0 = Debug|Any CPU
		{FEDC4006-472C-4ACA-9616-FCD29106DE56}.Debug|x64.ActiveCfg = Debug|Any CPU
		{FEDC4006-472C-4ACA-9616-FCD29106DE56}.Debug|x64.Build.0 = Debug|Any CPU
		{FEDC4006-472C-4ACA-9616-FCD29106DE56}.Debug|x64.Deploy.0 = Debug|Any CPU
		{FEDC4006-472C-4ACA-9616-FCD29106DE56}.Debug|x86.ActiveCfg = Debug|Any CPU
		{FEDC4006-472C-4ACA-9616-FCD29106DE56}.Debug|x86.Build.0 = Debug|Any CPU
		{FEDC4006-472C-4ACA-9616-FCD29106DE56}.Debug|x86.Deploy.0 = Debug|Any CPU
		{FEDC4006-472C-4ACA-9616-FCD29106DE56}.Release|Any CPU.ActiveCfg = Release|Any CPU
		{FEDC4006-472C-4ACA-9616-FCD29106DE56}.Release|Any CPU.Build.0 = Release|Any CPU
		{FEDC4006-472C-4ACA-9616-FCD29106DE56}.Release|Any CPU.Deploy.0 = Release|Any CPU
		{FEDC4006-472C-4ACA-9616-FCD29106DE56}.Release|ARM.ActiveCfg = Release|Any CPU
		{FEDC4006-472C-4ACA-9616-FCD29106DE56}.Release|ARM.Build.0 = Release|Any CPU
		{FEDC4006-472C-4ACA-9616-FCD29106DE56}.Release|ARM.Deploy.0 = Release|Any CPU
		{FEDC4006-472C-4ACA-9616-FCD29106DE56}.Release|iPhone.ActiveCfg = Release|Any CPU
		{FEDC4006-472C-4ACA-9616-FCD29106DE56}.Release|iPhone.Build.0 = Release|Any CPU
		{FEDC4006-472C-4ACA-9616-FCD29106DE56}.Release|iPhone.Deploy.0 = Release|Any CPU
		{FEDC4006-472C-4ACA-9616-FCD29106DE56}.Release|iPhoneSimulator.ActiveCfg = Release|Any CPU
		{FEDC4006-472C-4ACA-9616-FCD29106DE56}.Release|iPhoneSimulator.Build.0 = Release|Any CPU
		{FEDC4006-472C-4ACA-9616-FCD29106DE56}.Release|iPhoneSimulator.Deploy.0 = Release|Any CPU
		{FEDC4006-472C-4ACA-9616-FCD29106DE56}.Release|x64.ActiveCfg = Release|Any CPU
		{FEDC4006-472C-4ACA-9616-FCD29106DE56}.Release|x64.Build.0 = Release|Any CPU
		{FEDC4006-472C-4ACA-9616-FCD29106DE56}.Release|x64.Deploy.0 = Release|Any CPU
		{FEDC4006-472C-4ACA-9616-FCD29106DE56}.Release|x86.ActiveCfg = Release|Any CPU
		{FEDC4006-472C-4ACA-9616-FCD29106DE56}.Release|x86.Build.0 = Release|Any CPU
		{FEDC4006-472C-4ACA-9616-FCD29106DE56}.Release|x86.Deploy.0 = Release|Any CPU
		{3DCFB369-97C5-4B6C-808A-5037465BF698}.Ad-Hoc|Any CPU.ActiveCfg = Release|Any CPU
		{3DCFB369-97C5-4B6C-808A-5037465BF698}.Ad-Hoc|Any CPU.Build.0 = Release|Any CPU
		{3DCFB369-97C5-4B6C-808A-5037465BF698}.Ad-Hoc|ARM.ActiveCfg = Release|Any CPU
		{3DCFB369-97C5-4B6C-808A-5037465BF698}.Ad-Hoc|ARM.Build.0 = Release|Any CPU
		{3DCFB369-97C5-4B6C-808A-5037465BF698}.Ad-Hoc|iPhone.ActiveCfg = Release|Any CPU
		{3DCFB369-97C5-4B6C-808A-5037465BF698}.Ad-Hoc|iPhone.Build.0 = Release|Any CPU
		{3DCFB369-97C5-4B6C-808A-5037465BF698}.Ad-Hoc|iPhoneSimulator.ActiveCfg = Release|Any CPU
		{3DCFB369-97C5-4B6C-808A-5037465BF698}.Ad-Hoc|iPhoneSimulator.Build.0 = Release|Any CPU
		{3DCFB369-97C5-4B6C-808A-5037465BF698}.Ad-Hoc|x64.ActiveCfg = Release|Any CPU
		{3DCFB369-97C5-4B6C-808A-5037465BF698}.Ad-Hoc|x64.Build.0 = Release|Any CPU
		{3DCFB369-97C5-4B6C-808A-5037465BF698}.Ad-Hoc|x86.ActiveCfg = Release|Any CPU
		{3DCFB369-97C5-4B6C-808A-5037465BF698}.Ad-Hoc|x86.Build.0 = Release|Any CPU
		{3DCFB369-97C5-4B6C-808A-5037465BF698}.AppStore|Any CPU.ActiveCfg = Release|Any CPU
		{3DCFB369-97C5-4B6C-808A-5037465BF698}.AppStore|Any CPU.Build.0 = Release|Any CPU
		{3DCFB369-97C5-4B6C-808A-5037465BF698}.AppStore|ARM.ActiveCfg = Release|Any CPU
		{3DCFB369-97C5-4B6C-808A-5037465BF698}.AppStore|ARM.Build.0 = Release|Any CPU
		{3DCFB369-97C5-4B6C-808A-5037465BF698}.AppStore|iPhone.ActiveCfg = Release|Any CPU
		{3DCFB369-97C5-4B6C-808A-5037465BF698}.AppStore|iPhone.Build.0 = Release|Any CPU
		{3DCFB369-97C5-4B6C-808A-5037465BF698}.AppStore|iPhoneSimulator.ActiveCfg = Release|Any CPU
		{3DCFB369-97C5-4B6C-808A-5037465BF698}.AppStore|iPhoneSimulator.Build.0 = Release|Any CPU
		{3DCFB369-97C5-4B6C-808A-5037465BF698}.AppStore|x64.ActiveCfg = Release|Any CPU
		{3DCFB369-97C5-4B6C-808A-5037465BF698}.AppStore|x64.Build.0 = Release|Any CPU
		{3DCFB369-97C5-4B6C-808A-5037465BF698}.AppStore|x86.ActiveCfg = Release|Any CPU
		{3DCFB369-97C5-4B6C-808A-5037465BF698}.AppStore|x86.Build.0 = Release|Any CPU
		{3DCFB369-97C5-4B6C-808A-5037465BF698}.Debug|Any CPU.ActiveCfg = Debug|Any CPU
		{3DCFB369-97C5-4B6C-808A-5037465BF698}.Debug|Any CPU.Build.0 = Debug|Any CPU
		{3DCFB369-97C5-4B6C-808A-5037465BF698}.Debug|ARM.ActiveCfg = Debug|Any CPU
		{3DCFB369-97C5-4B6C-808A-5037465BF698}.Debug|ARM.Build.0 = Debug|Any CPU
		{3DCFB369-97C5-4B6C-808A-5037465BF698}.Debug|iPhone.ActiveCfg = Debug|Any CPU
		{3DCFB369-97C5-4B6C-808A-5037465BF698}.Debug|iPhone.Build.0 = Debug|Any CPU
		{3DCFB369-97C5-4B6C-808A-5037465BF698}.Debug|iPhoneSimulator.ActiveCfg = Debug|Any CPU
		{3DCFB369-97C5-4B6C-808A-5037465BF698}.Debug|iPhoneSimulator.Build.0 = Debug|Any CPU
		{3DCFB369-97C5-4B6C-808A-5037465BF698}.Debug|x64.ActiveCfg = Debug|Any CPU
		{3DCFB369-97C5-4B6C-808A-5037465BF698}.Debug|x64.Build.0 = Debug|Any CPU
		{3DCFB369-97C5-4B6C-808A-5037465BF698}.Debug|x86.ActiveCfg = Debug|Any CPU
		{3DCFB369-97C5-4B6C-808A-5037465BF698}.Debug|x86.Build.0 = Debug|Any CPU
		{3DCFB369-97C5-4B6C-808A-5037465BF698}.Release|Any CPU.ActiveCfg = Release|Any CPU
		{3DCFB369-97C5-4B6C-808A-5037465BF698}.Release|Any CPU.Build.0 = Release|Any CPU
		{3DCFB369-97C5-4B6C-808A-5037465BF698}.Release|ARM.ActiveCfg = Release|Any CPU
		{3DCFB369-97C5-4B6C-808A-5037465BF698}.Release|ARM.Build.0 = Release|Any CPU
		{3DCFB369-97C5-4B6C-808A-5037465BF698}.Release|iPhone.ActiveCfg = Release|Any CPU
		{3DCFB369-97C5-4B6C-808A-5037465BF698}.Release|iPhone.Build.0 = Release|Any CPU
		{3DCFB369-97C5-4B6C-808A-5037465BF698}.Release|iPhoneSimulator.ActiveCfg = Release|Any CPU
		{3DCFB369-97C5-4B6C-808A-5037465BF698}.Release|iPhoneSimulator.Build.0 = Release|Any CPU
		{3DCFB369-97C5-4B6C-808A-5037465BF698}.Release|x64.ActiveCfg = Release|Any CPU
		{3DCFB369-97C5-4B6C-808A-5037465BF698}.Release|x64.Build.0 = Release|Any CPU
		{3DCFB369-97C5-4B6C-808A-5037465BF698}.Release|x86.ActiveCfg = Release|Any CPU
		{3DCFB369-97C5-4B6C-808A-5037465BF698}.Release|x86.Build.0 = Release|Any CPU
		{7145DDBA-1A5E-4624-931B-DCD7D0495A8C}.Ad-Hoc|Any CPU.ActiveCfg = Release|x86
		{7145DDBA-1A5E-4624-931B-DCD7D0495A8C}.Ad-Hoc|Any CPU.Build.0 = Release|x86
		{7145DDBA-1A5E-4624-931B-DCD7D0495A8C}.Ad-Hoc|Any CPU.Deploy.0 = Release|x86
		{7145DDBA-1A5E-4624-931B-DCD7D0495A8C}.Ad-Hoc|ARM.ActiveCfg = Release|ARM
		{7145DDBA-1A5E-4624-931B-DCD7D0495A8C}.Ad-Hoc|ARM.Build.0 = Release|ARM
		{7145DDBA-1A5E-4624-931B-DCD7D0495A8C}.Ad-Hoc|ARM.Deploy.0 = Release|ARM
		{7145DDBA-1A5E-4624-931B-DCD7D0495A8C}.Ad-Hoc|iPhone.ActiveCfg = Release|x86
		{7145DDBA-1A5E-4624-931B-DCD7D0495A8C}.Ad-Hoc|iPhone.Build.0 = Release|x86
		{7145DDBA-1A5E-4624-931B-DCD7D0495A8C}.Ad-Hoc|iPhone.Deploy.0 = Release|x86
		{7145DDBA-1A5E-4624-931B-DCD7D0495A8C}.Ad-Hoc|iPhoneSimulator.ActiveCfg = Release|x86
		{7145DDBA-1A5E-4624-931B-DCD7D0495A8C}.Ad-Hoc|iPhoneSimulator.Build.0 = Release|x86
		{7145DDBA-1A5E-4624-931B-DCD7D0495A8C}.Ad-Hoc|iPhoneSimulator.Deploy.0 = Release|x86
		{7145DDBA-1A5E-4624-931B-DCD7D0495A8C}.Ad-Hoc|x64.ActiveCfg = Release|x64
		{7145DDBA-1A5E-4624-931B-DCD7D0495A8C}.Ad-Hoc|x64.Build.0 = Release|x64
		{7145DDBA-1A5E-4624-931B-DCD7D0495A8C}.Ad-Hoc|x64.Deploy.0 = Release|x64
		{7145DDBA-1A5E-4624-931B-DCD7D0495A8C}.Ad-Hoc|x86.ActiveCfg = Release|x86
		{7145DDBA-1A5E-4624-931B-DCD7D0495A8C}.Ad-Hoc|x86.Build.0 = Release|x86
		{7145DDBA-1A5E-4624-931B-DCD7D0495A8C}.Ad-Hoc|x86.Deploy.0 = Release|x86
		{7145DDBA-1A5E-4624-931B-DCD7D0495A8C}.AppStore|Any CPU.ActiveCfg = Release|x86
		{7145DDBA-1A5E-4624-931B-DCD7D0495A8C}.AppStore|Any CPU.Build.0 = Release|x86
		{7145DDBA-1A5E-4624-931B-DCD7D0495A8C}.AppStore|Any CPU.Deploy.0 = Release|x86
		{7145DDBA-1A5E-4624-931B-DCD7D0495A8C}.AppStore|ARM.ActiveCfg = Release|ARM
		{7145DDBA-1A5E-4624-931B-DCD7D0495A8C}.AppStore|ARM.Build.0 = Release|ARM
		{7145DDBA-1A5E-4624-931B-DCD7D0495A8C}.AppStore|ARM.Deploy.0 = Release|ARM
		{7145DDBA-1A5E-4624-931B-DCD7D0495A8C}.AppStore|iPhone.ActiveCfg = Release|x86
		{7145DDBA-1A5E-4624-931B-DCD7D0495A8C}.AppStore|iPhone.Build.0 = Release|x86
		{7145DDBA-1A5E-4624-931B-DCD7D0495A8C}.AppStore|iPhone.Deploy.0 = Release|x86
		{7145DDBA-1A5E-4624-931B-DCD7D0495A8C}.AppStore|iPhoneSimulator.ActiveCfg = Release|x86
		{7145DDBA-1A5E-4624-931B-DCD7D0495A8C}.AppStore|iPhoneSimulator.Build.0 = Release|x86
		{7145DDBA-1A5E-4624-931B-DCD7D0495A8C}.AppStore|iPhoneSimulator.Deploy.0 = Release|x86
		{7145DDBA-1A5E-4624-931B-DCD7D0495A8C}.AppStore|x64.ActiveCfg = Release|x64
		{7145DDBA-1A5E-4624-931B-DCD7D0495A8C}.AppStore|x64.Build.0 = Release|x64
		{7145DDBA-1A5E-4624-931B-DCD7D0495A8C}.AppStore|x64.Deploy.0 = Release|x64
		{7145DDBA-1A5E-4624-931B-DCD7D0495A8C}.AppStore|x86.ActiveCfg = Release|x86
		{7145DDBA-1A5E-4624-931B-DCD7D0495A8C}.AppStore|x86.Build.0 = Release|x86
		{7145DDBA-1A5E-4624-931B-DCD7D0495A8C}.AppStore|x86.Deploy.0 = Release|x86
		{7145DDBA-1A5E-4624-931B-DCD7D0495A8C}.Debug|Any CPU.ActiveCfg = Debug|x86
		{7145DDBA-1A5E-4624-931B-DCD7D0495A8C}.Debug|ARM.ActiveCfg = Debug|ARM
		{7145DDBA-1A5E-4624-931B-DCD7D0495A8C}.Debug|ARM.Build.0 = Debug|ARM
		{7145DDBA-1A5E-4624-931B-DCD7D0495A8C}.Debug|ARM.Deploy.0 = Debug|ARM
		{7145DDBA-1A5E-4624-931B-DCD7D0495A8C}.Debug|iPhone.ActiveCfg = Debug|x86
		{7145DDBA-1A5E-4624-931B-DCD7D0495A8C}.Debug|iPhoneSimulator.ActiveCfg = Debug|x86
		{7145DDBA-1A5E-4624-931B-DCD7D0495A8C}.Debug|x64.ActiveCfg = Debug|x64
		{7145DDBA-1A5E-4624-931B-DCD7D0495A8C}.Debug|x64.Build.0 = Debug|x64
		{7145DDBA-1A5E-4624-931B-DCD7D0495A8C}.Debug|x64.Deploy.0 = Debug|x64
		{7145DDBA-1A5E-4624-931B-DCD7D0495A8C}.Debug|x86.ActiveCfg = Debug|x86
		{7145DDBA-1A5E-4624-931B-DCD7D0495A8C}.Debug|x86.Build.0 = Debug|x86
		{7145DDBA-1A5E-4624-931B-DCD7D0495A8C}.Debug|x86.Deploy.0 = Debug|x86
		{7145DDBA-1A5E-4624-931B-DCD7D0495A8C}.Release|Any CPU.ActiveCfg = Release|x86
		{7145DDBA-1A5E-4624-931B-DCD7D0495A8C}.Release|ARM.ActiveCfg = Release|ARM
		{7145DDBA-1A5E-4624-931B-DCD7D0495A8C}.Release|ARM.Build.0 = Release|ARM
		{7145DDBA-1A5E-4624-931B-DCD7D0495A8C}.Release|ARM.Deploy.0 = Release|ARM
		{7145DDBA-1A5E-4624-931B-DCD7D0495A8C}.Release|iPhone.ActiveCfg = Release|x86
		{7145DDBA-1A5E-4624-931B-DCD7D0495A8C}.Release|iPhoneSimulator.ActiveCfg = Release|x86
		{7145DDBA-1A5E-4624-931B-DCD7D0495A8C}.Release|x64.ActiveCfg = Release|x64
		{7145DDBA-1A5E-4624-931B-DCD7D0495A8C}.Release|x64.Build.0 = Release|x64
		{7145DDBA-1A5E-4624-931B-DCD7D0495A8C}.Release|x64.Deploy.0 = Release|x64
		{7145DDBA-1A5E-4624-931B-DCD7D0495A8C}.Release|x86.ActiveCfg = Release|x86
		{7145DDBA-1A5E-4624-931B-DCD7D0495A8C}.Release|x86.Build.0 = Release|x86
		{7145DDBA-1A5E-4624-931B-DCD7D0495A8C}.Release|x86.Deploy.0 = Release|x86
		{9F9898FA-5A7D-4EEB-8DF1-07FA8A2E5E47}.Ad-Hoc|Any CPU.ActiveCfg = Ad-Hoc|iPhone
		{9F9898FA-5A7D-4EEB-8DF1-07FA8A2E5E47}.Ad-Hoc|ARM.ActiveCfg = Ad-Hoc|iPhone
		{9F9898FA-5A7D-4EEB-8DF1-07FA8A2E5E47}.Ad-Hoc|iPhone.ActiveCfg = Ad-Hoc|iPhone
		{9F9898FA-5A7D-4EEB-8DF1-07FA8A2E5E47}.Ad-Hoc|iPhone.Build.0 = Ad-Hoc|iPhone
		{9F9898FA-5A7D-4EEB-8DF1-07FA8A2E5E47}.Ad-Hoc|iPhoneSimulator.ActiveCfg = Ad-Hoc|iPhoneSimulator
		{9F9898FA-5A7D-4EEB-8DF1-07FA8A2E5E47}.Ad-Hoc|iPhoneSimulator.Build.0 = Ad-Hoc|iPhoneSimulator
		{9F9898FA-5A7D-4EEB-8DF1-07FA8A2E5E47}.Ad-Hoc|x64.ActiveCfg = Ad-Hoc|iPhone
		{9F9898FA-5A7D-4EEB-8DF1-07FA8A2E5E47}.Ad-Hoc|x86.ActiveCfg = Ad-Hoc|iPhone
		{9F9898FA-5A7D-4EEB-8DF1-07FA8A2E5E47}.AppStore|Any CPU.ActiveCfg = AppStore|iPhone
		{9F9898FA-5A7D-4EEB-8DF1-07FA8A2E5E47}.AppStore|ARM.ActiveCfg = AppStore|iPhone
		{9F9898FA-5A7D-4EEB-8DF1-07FA8A2E5E47}.AppStore|iPhone.ActiveCfg = AppStore|iPhone
		{9F9898FA-5A7D-4EEB-8DF1-07FA8A2E5E47}.AppStore|iPhone.Build.0 = AppStore|iPhone
		{9F9898FA-5A7D-4EEB-8DF1-07FA8A2E5E47}.AppStore|iPhoneSimulator.ActiveCfg = AppStore|iPhoneSimulator
		{9F9898FA-5A7D-4EEB-8DF1-07FA8A2E5E47}.AppStore|iPhoneSimulator.Build.0 = AppStore|iPhoneSimulator
		{9F9898FA-5A7D-4EEB-8DF1-07FA8A2E5E47}.AppStore|x64.ActiveCfg = AppStore|iPhone
		{9F9898FA-5A7D-4EEB-8DF1-07FA8A2E5E47}.AppStore|x86.ActiveCfg = AppStore|iPhone
		{9F9898FA-5A7D-4EEB-8DF1-07FA8A2E5E47}.Debug|Any CPU.ActiveCfg = Debug|iPhone
		{9F9898FA-5A7D-4EEB-8DF1-07FA8A2E5E47}.Debug|ARM.ActiveCfg = Debug|iPhone
		{9F9898FA-5A7D-4EEB-8DF1-07FA8A2E5E47}.Debug|iPhone.ActiveCfg = Debug|iPhone
		{9F9898FA-5A7D-4EEB-8DF1-07FA8A2E5E47}.Debug|iPhone.Build.0 = Debug|iPhone
		{9F9898FA-5A7D-4EEB-8DF1-07FA8A2E5E47}.Debug|iPhoneSimulator.ActiveCfg = Debug|iPhoneSimulator
		{9F9898FA-5A7D-4EEB-8DF1-07FA8A2E5E47}.Debug|iPhoneSimulator.Build.0 = Debug|iPhoneSimulator
		{9F9898FA-5A7D-4EEB-8DF1-07FA8A2E5E47}.Debug|x64.ActiveCfg = Debug|iPhone
		{9F9898FA-5A7D-4EEB-8DF1-07FA8A2E5E47}.Debug|x86.ActiveCfg = Debug|iPhone
		{9F9898FA-5A7D-4EEB-8DF1-07FA8A2E5E47}.Release|Any CPU.ActiveCfg = Release|iPhone
		{9F9898FA-5A7D-4EEB-8DF1-07FA8A2E5E47}.Release|ARM.ActiveCfg = Release|iPhone
		{9F9898FA-5A7D-4EEB-8DF1-07FA8A2E5E47}.Release|iPhone.ActiveCfg = Release|iPhone
		{9F9898FA-5A7D-4EEB-8DF1-07FA8A2E5E47}.Release|iPhone.Build.0 = Release|iPhone
		{9F9898FA-5A7D-4EEB-8DF1-07FA8A2E5E47}.Release|iPhoneSimulator.ActiveCfg = Release|iPhoneSimulator
		{9F9898FA-5A7D-4EEB-8DF1-07FA8A2E5E47}.Release|iPhoneSimulator.Build.0 = Release|iPhoneSimulator
		{9F9898FA-5A7D-4EEB-8DF1-07FA8A2E5E47}.Release|x64.ActiveCfg = Release|iPhone
		{9F9898FA-5A7D-4EEB-8DF1-07FA8A2E5E47}.Release|x86.ActiveCfg = Release|iPhone
	EndGlobalSection
	GlobalSection(SolutionProperties) = preSolution
		HideSolutionNode = FALSE
	EndGlobalSection
EndGlobal
